// !$*UTF8*$!
{
	archiveVersion = 1;
	classes = {
	};
	objectVersion = 46;
	objects = {

/* Begin PBXBuildFile section */
		DDFF3E411E5F9AEB00A8BA9A /* AppDelegate.swift in Sources */ = {isa = PBXBuildFile; fileRef = DDFF3E401E5F9AEB00A8BA9A /* AppDelegate.swift */; };
		DDFF3E431E5F9AEB00A8BA9A /* ViewController.swift in Sources */ = {isa = PBXBuildFile; fileRef = DDFF3E421E5F9AEB00A8BA9A /* ViewController.swift */; };
		DDFF3E461E5F9AEB00A8BA9A /* Main.storyboard in Resources */ = {isa = PBXBuildFile; fileRef = DDFF3E441E5F9AEB00A8BA9A /* Main.storyboard */; };
		DDFF3E481E5F9AEB00A8BA9A /* Assets.xcassets in Resources */ = {isa = PBXBuildFile; fileRef = DDFF3E471E5F9AEB00A8BA9A /* Assets.xcassets */; };
		DDFF3E4B1E5F9AEB00A8BA9A /* LaunchScreen.storyboard in Resources */ = {isa = PBXBuildFile; fileRef = DDFF3E491E5F9AEB00A8BA9A /* LaunchScreen.storyboard */; };
/* End PBXBuildFile section */

/* Begin PBXFileReference section */
		DDFF3E3D1E5F9AEB00A8BA9A /* GroceryAppSwift.app */ = {isa = PBXFileReference; explicitFileType = wrapper.application; includeInIndex = 0; path = GroceryAppSwift.app; sourceTree = BUILT_PRODUCTS_DIR; };
		DDFF3E401E5F9AEB00A8BA9A /* AppDelegate.swift */ = {isa = PBXFileReference; lastKnownFileType = sourcecode.swift; path = AppDelegate.swift; sourceTree = "<group>"; };
		DDFF3E421E5F9AEB00A8BA9A /* ViewController.swift */ = {isa = PBXFileReference; lastKnownFileType = sourcecode.swift; path = ViewController.swift; sourceTree = "<group>"; };
		DDFF3E451E5F9AEB00A8BA9A /* Base */ = {isa = PBXFileReference; lastKnownFileType = file.storyboard; name = Base; path = Base.lproj/Main.storyboard; sourceTree = "<group>"; };
		DDFF3E471E5F9AEB00A8BA9A /* Assets.xcassets */ = {isa = PBXFileReference; lastKnownFileType = folder.assetcatalog; path = Assets.xcassets; sourceTree = "<group>"; };
		DDFF3E4A1E5F9AEB00A8BA9A /* Base */ = {isa = PBXFileReference; lastKnownFileType = file.storyboard; name = Base; path = Base.lproj/LaunchScreen.storyboard; sourceTree = "<group>"; };
		DDFF3E4C1E5F9AEB00A8BA9A /* Info.plist */ = {isa = PBXFileReference; lastKnownFileType = text.plist.xml; path = Info.plist; sourceTree = "<group>"; };
/* End PBXFileReference section */

/* Begin PBXFrameworksBuildPhase section */
		DDFF3E3A1E5F9AEB00A8BA9A /* Frameworks */ = {
			isa = PBXFrameworksBuildPhase;
			buildActionMask = 2147483647;
			files = (
			);
			runOnlyForDeploymentPostprocessing = 0;
		};
/* End PBXFrameworksBuildPhase section */

/* Begin PBXGroup section */
		DDFF3E341E5F9AEB00A8BA9A = {
			isa = PBXGroup;
			children = (
				DDFF3E3F1E5F9AEB00A8BA9A /* GroceryAppSwift */,
				DDFF3E3E1E5F9AEB00A8BA9A /* Products */,
			);
			sourceTree = "<group>";
		};
		DDFF3E3E1E5F9AEB00A8BA9A /* Products */ = {
			isa = PBXGroup;
			children = (
				DDFF3E3D1E5F9AEB00A8BA9A /* GroceryAppSwift.app */,
			);
			name = Products;
			sourceTree = "<group>";
		};
		DDFF3E3F1E5F9AEB00A8BA9A /* GroceryAppSwift */ = {
			isa = PBXGroup;
			children = (
				DDFF3E401E5F9AEB00A8BA9A /* AppDelegate.swift */,
				DDFF3E421E5F9AEB00A8BA9A /* ViewController.swift */,
				DDFF3E441E5F9AEB00A8BA9A /* Main.storyboard */,
				DDFF3E471E5F9AEB00A8BA9A /* Assets.xcassets */,
				DDFF3E491E5F9AEB00A8BA9A /* LaunchScreen.storyboard */,
				DDFF3E4C1E5F9AEB00A8BA9A /* Info.plist */,
			);
			path = GroceryAppSwift;
			sourceTree = "<group>";
		};
/* End PBXGroup section */

/* Begin PBXNativeTarget section */
		DDFF3E3C1E5F9AEB00A8BA9A /* GroceryAppSwift */ = {
			isa = PBXNativeTarget;
			buildConfigurationList = DDFF3E4F1E5F9AEB00A8BA9A /* Build configuration list for PBXNativeTarget "GroceryAppSwift" */;
			buildPhases = (
				DDFF3E391E5F9AEB00A8BA9A /* Sources */,
				DDFF3E3A1E5F9AEB00A8BA9A /* Frameworks */,
				DDFF3E3B1E5F9AEB00A8BA9A /* Resources */,
			);
			buildRules = (
			);
			dependencies = (
			);
			name = GroceryAppSwift;
			productName = GroceryAppSwift;
			productReference = DDFF3E3D1E5F9AEB00A8BA9A /* GroceryAppSwift.app */;
			productType = "com.apple.product-type.application";
		};
/* End PBXNativeTarget section */

/* Begin PBXProject section */
		DDFF3E351E5F9AEB00A8BA9A /* Project object */ = {
			isa = PBXProject;
			attributes = {
				LastSwiftUpdateCheck = 0810;
				LastUpgradeCheck = 0810;
				ORGANIZATIONNAME = Klas;
				TargetAttributes = {
					DDFF3E3C1E5F9AEB00A8BA9A = {
						CreatedOnToolsVersion = 8.1;
						ProvisioningStyle = Automatic;
					};
				};
			};
			buildConfigurationList = DDFF3E381E5F9AEB00A8BA9A /* Build configuration list for PBXProject "GroceryAppSwift" */;
			compatibilityVersion = "Xcode 3.2";
			developmentRegion = English;
			hasScannedForEncodings = 0;
			knownRegions = (
				en,
				Base,
			);
			mainGroup = DDFF3E341E5F9AEB00A8BA9A;
			productRefGroup = DDFF3E3E1E5F9AEB00A8BA9A /* Products */;
			projectDirPath = "";
			projectRoot = "";
			targets = (
				DDFF3E3C1E5F9AEB00A8BA9A /* GroceryAppSwift */,
			);
		};
/* End PBXProject section */

/* Begin PBXResourcesBuildPhase section */
		DDFF3E3B1E5F9AEB00A8BA9A /* Resources */ = {
			isa = PBXResourcesBuildPhase;
			buildActionMask = 2147483647;
			files = (
				DDFF3E4B1E5F9AEB00A8BA9A /* LaunchScreen.storyboard in Resources */,
				DDFF3E481E5F9AEB00A8BA9A /* Assets.xcassets in Resources */,
				DDFF3E461E5F9AEB00A8BA9A /* Main.storyboard in Resources */,
			);
			runOnlyForDeploymentPostprocessing = 0;
		};
/* End PBXResourcesBuildPhase section */

/* Begin PBXSourcesBuildPhase section */
		DDFF3E391E5F9AEB00A8BA9A /* Sources */ = {
			isa = PBXSourcesBuildPhase;
			buildActionMask = 2147483647;
			files = (
				DDFF3E431E5F9AEB00A8BA9A /* ViewController.swift in Sources */,
				DDFF3E411E5F9AEB00A8BA9A /* AppDelegate.swift in Sources */,
			);
			runOnlyForDeploymentPostprocessing = 0;
		};
/* End PBXSourcesBuildPhase section */

/* Begin PBXVariantGroup section */
		DDFF3E441E5F9AEB00A8BA9A /* Main.storyboard */ = {
			isa = PBXVariantGroup;
			children = (
				DDFF3E451E5F9AEB00A8BA9A /* Base */,
			);
			name = Main.storyboard;
			sourceTree = "<group>";
		};
		DDFF3E491E5F9AEB00A8BA9A /* LaunchScreen.storyboard */ = {
			isa = PBXVariantGroup;
			children = (
				DDFF3E4A1E5F9AEB00A8BA9A /* Base */,
			);
			name = LaunchScreen.storyboard;
			sourceTree = "<group>";
		};
/* End PBXVariantGroup section */

/* Begin XCBuildConfiguration section */
		DDFF3E4D1E5F9AEB00A8BA9A /* Debug */ = {
			isa = XCBuildConfiguration;
			buildSettings = {
				ALWAYS_SEARCH_USER_PATHS = NO;
				CLANG_ANALYZER_NONNULL = YES;
				CLANG_CXX_LANGUAGE_STANDARD = "gnu++0x";
				CLANG_CXX_LIBRARY = "libc++";
				CLANG_ENABLE_MODULES = YES;
				CLANG_ENABLE_OBJC_ARC = YES;
				CLANG_WARN_BOOL_CONVERSION = YES;
				CLANG_WARN_CONSTANT_CONVERSION = YES;
				CLANG_WARN_DIRECT_OBJC_ISA_USAGE = YES_ERROR;
				CLANG_WARN_DOCUMENTATION_COMMENTS = YES;
				CLANG_WARN_EMPTY_BODY = YES;
				CLANG_WARN_ENUM_CONVERSION = YES;
				CLANG_WARN_INFINITE_RECURSION = YES;
				CLANG_WARN_INT_CONVERSION = YES;
				CLANG_WARN_OBJC_ROOT_CLASS = YES_ERROR;
				CLANG_WARN_SUSPICIOUS_MOVES = YES;
				CLANG_WARN_UNREACHABLE_CODE = YES;
				CLANG_WARN__DUPLICATE_METHOD_MATCH = YES;
				"CODE_SIGN_IDENTITY[sdk=iphoneos*]" = "iPhone Developer";
				COPY_PHASE_STRIP = NO;
				DEBUG_INFORMATION_FORMAT = dwarf;
				ENABLE_STRICT_OBJC_MSGSEND = YES;
				ENABLE_TESTABILITY = YES;
				GCC_C_LANGUAGE_STANDARD = gnu99;
				GCC_DYNAMIC_NO_PIC = NO;
				GCC_NO_COMMON_BLOCKS = YES;
				GCC_OPTIMIZATION_LEVEL = 0;
				GCC_PREPROCESSOR_DEFINITIONS = (
					"DEBUG=1",
					"$(inherited)",
				);
				GCC_WARN_64_TO_32_BIT_CONVERSION = YES;
				GCC_WARN_ABOUT_RETURN_TYPE = YES_ERROR;
				GCC_WARN_UNDECLARED_SELECTOR = YES;
				GCC_WARN_UNINITIALIZED_AUTOS = YES_AGGRESSIVE;
				GCC_WARN_UNUSED_FUNCTION = YES;
				GCC_WARN_UNUSED_VARIABLE = YES;
				IPHONEOS_DEPLOYMENT_TARGET = 10.1;
				MTL_ENABLE_DEBUG_INFO = YES;
				ONLY_ACTIVE_ARCH = YES;
				SDKROOT = iphoneos;
				SWIFT_ACTIVE_COMPILATION_CONDITIONS = DEBUG;
				SWIFT_OPTIMIZATION_LEVEL = "-Onone";
				TARGETED_DEVICE_FAMILY = "1,2";
			};
			name = Debug;
		};
		DDFF3E4E1E5F9AEB00A8BA9A /* Release */ = {
			isa = XCBuildConfiguration;
			buildSettings = {
				ALWAYS_SEARCH_USER_PATHS = NO;
				CLANG_ANALYZER_NONNULL = YES;
				CLANG_CXX_LANGUAGE_STANDARD = "gnu++0x";
				CLANG_CXX_LIBRARY = "libc++";
				CLANG_ENABLE_MODULES = YES;
				CLANG_ENABLE_OBJC_ARC = YES;
				CLANG_WARN_BOOL_CONVERSION = YES;
				CLANG_WARN_CONSTANT_CONVERSION = YES;
				CLANG_WARN_DIRECT_OBJC_ISA_USAGE = YES_ERROR;
				CLANG_WARN_DOCUMENTATION_COMMENTS = YES;
				CLANG_WARN_EMPTY_BODY = YES;
				CLANG_WARN_ENUM_CONVERSION = YES;
				CLANG_WARN_INFINITE_RECURSION = YES;
				CLANG_WARN_INT_CONVERSION = YES;
				CLANG_WARN_OBJC_ROOT_CLASS = YES_ERROR;
				CLANG_WARN_SUSPICIOUS_MOVES = YES;
				CLANG_WARN_UNREACHABLE_CODE = YES;
				CLANG_WARN__DUPLICATE_METHOD_MATCH = YES;
				"CODE_SIGN_IDENTITY[sdk=iphoneos*]" = "iPhone Developer";
				COPY_PHASE_STRIP = NO;
				DEBUG_INFORMATION_FORMAT = "dwarf-with-dsym";
				ENABLE_NS_ASSERTIONS = NO;
				ENABLE_STRICT_OBJC_MSGSEND = YES;
				GCC_C_LANGUAGE_STANDARD = gnu99;
				GCC_NO_COMMON_BLOCKS = YES;
				GCC_WARN_64_TO_32_BIT_CONVERSION = YES;
				GCC_WARN_ABOUT_RETURN_TYPE = YES_ERROR;
				GCC_WARN_UNDECLARED_SELECTOR = YES;
				GCC_WARN_UNINITIALIZED_AUTOS = YES_AGGRESSIVE;
				GCC_WARN_UNUSED_FUNCTION = YES;
				GCC_WARN_UNUSED_VARIABLE = YES;
				IPHONEOS_DEPLOYMENT_TARGET = 10.1;
				MTL_ENABLE_DEBUG_INFO = NO;
				SDKROOT = iphoneos;
				SWIFT_OPTIMIZATION_LEVEL = "-Owholemodule";
				TARGETED_DEVICE_FAMILY = "1,2";
				VALIDATE_PRODUCT = YES;
			};
			name = Release;
		};
		DDFF3E501E5F9AEB00A8BA9A /* Debug */ = {
			isa = XCBuildConfiguration;
			buildSettings = {
				ASSETCATALOG_COMPILER_APPICON_NAME = AppIcon;
				INFOPLIST_FILE = GroceryAppSwift/Info.plist;
				LD_RUNPATH_SEARCH_PATHS = "$(inherited) @executable_path/Frameworks";
				PRODUCT_BUNDLE_IDENTIFIER = Klas.GroceryAppSwift;
				PRODUCT_NAME = "$(TARGET_NAME)";
				SWIFT_VERSION = 3.0;
			};
			name = Debug;
		};
		DDFF3E511E5F9AEB00A8BA9A /* Release */ = {
			isa = XCBuildConfiguration;
			buildSettings = {
				ASSETCATALOG_COMPILER_APPICON_NAME = AppIcon;
				INFOPLIST_FILE = GroceryAppSwift/Info.plist;
				LD_RUNPATH_SEARCH_PATHS = "$(inherited) @executable_path/Frameworks";
				PRODUCT_BUNDLE_IDENTIFIER = Klas.GroceryAppSwift;
				PRODUCT_NAME = "$(TARGET_NAME)";
				SWIFT_VERSION = 3.0;
			};
			name = Release;
		};
/* End XCBuildConfiguration section */

/* Begin XCConfigurationList section */
		DDFF3E381E5F9AEB00A8BA9A /* Build configuration list for PBXProject "GroceryAppSwift" */ = {
			isa = XCConfigurationList;
			buildConfigurations = (
				DDFF3E4D1E5F9AEB00A8BA9A /* Debug */,
				DDFF3E4E1E5F9AEB00A8BA9A /* Release */,
			);
			defaultConfigurationIsVisible = 0;
			defaultConfigurationName = Release;
		};
		DDFF3E4F1E5F9AEB00A8BA9A /* Build configuration list for PBXNativeTarget "GroceryAppSwift" */ = {
			isa = XCConfigurationList;
			buildConfigurations = (
				DDFF3E501E5F9AEB00A8BA9A /* Debug */,
				DDFF3E511E5F9AEB00A8BA9A /* Release */,
			);
			defaultConfigurationIsVisible = 0;
		};
/* End XCConfigurationList section */
	};
	rootObject = DDFF3E351E5F9AEB00A8BA9A /* Project object */;
}
